
Microsoft Visual Studio Solution File, Format Version 12.00
# Visual Studio Version 16
VisualStudioVersion = 16.0.31313.79
MinimumVisualStudioVersion = 10.0.40219.1
Project("{FAE04EC0-301F-11D3-BF4B-00C04F79EFBC}") = "CDMyTestPlugin", "CDMyTestPlugin\CDMyTestPlugin.csproj", "{BA4C5719-1179-438B-B712-C14B4C1EC493}"
EndProject
Project("{FAE04EC0-301F-11D3-BF4B-00C04F79EFBC}") = "cdeTestNode", "cdeTestNode\cdeTestNode.csproj", "{36675AF7-7926-4B15-ACB1-5A1DCC657919}"
EndProject
Global
	GlobalSection(SolutionConfigurationPlatforms) = preSolution
		Debug|Any CPU = Debug|Any CPU
		Release|Any CPU = Release|Any CPU
	EndGlobalSection
	GlobalSection(ProjectConfigurationPlatforms) = postSolution
		{BA4C5719-1179-438B-B712-C14B4C1EC493}.Debug|Any CPU.ActiveCfg = Debug|Any CPU
		{BA4C5719-1179-438B-B712-C14B4C1EC493}.Debug|Any CPU.Build.0 = Debug|Any CPU
		{BA4C5719-1179-438B-B712-C14B4C1EC493}.Release|Any CPU.ActiveCfg = Release|Any CPU
		{BA4C5719-1179-438B-B712-C14B4C1EC493}.Release|Any CPU.Build.0 = Release|Any CPU
		{36675AF7-7926-4B15-ACB1-5A1DCC657919}.Debug|Any CPU.ActiveCfg = Debug|Any CPU
		{36675AF7-7926-4B15-ACB1-5A1DCC657919}.Debug|Any CPU.Build.0 = Debug|Any CPU
		{36675AF7-7926-4B15-ACB1-5A1DCC657919}.Release|Any CPU.ActiveCfg = Release|Any CPU
		{36675AF7-7926-4B15-ACB1-5A1DCC657919}.Release|Any CPU.Build.0 = Release|Any CPU
	EndGlobalSection
	GlobalSection(SolutionProperties) = preSolution
		HideSolutionNode = FALSE
	EndGlobalSection
	GlobalSection(ExtensibilityGlobals) = postSolution
		SolutionGuid = {5E1ADBAB-668D-422D-AC75-12254511187F}
	EndGlobalSection
EndGlobal
