
Microsoft Visual Studio Solution File, Format Version 12.00
# Visual Studio Version 16
VisualStudioVersion = 16.0.31313.79
MinimumVisualStudioVersion = 10.0.40219.1
Project("{FAE04EC0-301F-11D3-BF4B-00C04F79EFBC}") = "CDMyHelloWorld", "CDMyHelloWorld\CDMyHelloWorld.csproj", "{8BB8C1A0-E2AE-4B3C-8744-0908F7070BC6}"
EndProject
Project("{FAE04EC0-301F-11D3-BF4B-00C04F79EFBC}") = "myHelloWorldHost", "myHelloWorldHost\myHelloWorldHost.csproj", "{A602B5C4-DD36-4F2F-9B66-33B585574D24}"
EndProject
Global
	GlobalSection(SolutionConfigurationPlatforms) = preSolution
		Debug|Any CPU = Debug|Any CPU
		Release|Any CPU = Release|Any CPU
	EndGlobalSection
	GlobalSection(ProjectConfigurationPlatforms) = postSolution
		{8BB8C1A0-E2AE-4B3C-8744-0908F7070BC6}.Debug|Any CPU.ActiveCfg = Debug|Any CPU
		{8BB8C1A0-E2AE-4B3C-8744-0908F7070BC6}.Debug|Any CPU.Build.0 = Debug|Any CPU
		{8BB8C1A0-E2AE-4B3C-8744-0908F7070BC6}.Release|Any CPU.ActiveCfg = Release|Any CPU
		{8BB8C1A0-E2AE-4B3C-8744-0908F7070BC6}.Release|Any CPU.Build.0 = Release|Any CPU
		{A602B5C4-DD36-4F2F-9B66-33B585574D24}.Debug|Any CPU.ActiveCfg = Debug|Any CPU
		{A602B5C4-DD36-4F2F-9B66-33B585574D24}.Debug|Any CPU.Build.0 = Debug|Any CPU
		{A602B5C4-DD36-4F2F-9B66-33B585574D24}.Release|Any CPU.ActiveCfg = Release|Any CPU
		{A602B5C4-DD36-4F2F-9B66-33B585574D24}.Release|Any CPU.Build.0 = Release|Any CPU
	EndGlobalSection
	GlobalSection(SolutionProperties) = preSolution
		HideSolutionNode = FALSE
	EndGlobalSection
	GlobalSection(ExtensibilityGlobals) = postSolution
		SolutionGuid = {60D93414-EF77-4440-BDBD-5CBB95644614}
	EndGlobalSection
EndGlobal
