
Microsoft Visual Studio Solution File, Format Version 12.00
# Visual Studio Version 16
VisualStudioVersion = 16.0.30128.74
MinimumVisualStudioVersion = 10.0.40219.1
Project("{9A19103F-16F7-4668-BE54-9A1E7A4F7556}") = "cdeHostNetCore", "cdeHostNetCore\cdeHostNetCore.csproj", "{7B13069E-C0C7-4EA2-BA9B-388922C3AD3A}"
EndProject
Project("{9A19103F-16F7-4668-BE54-9A1E7A4F7556}") = "C-DMyMessages", "..\..\..\..\cdePlugins\src\079 - CDMyMessages\C-DMyMessages\C-DMyMessages.csproj", "{1F1AC764-E2FA-43A1-AEAD-C455B2C532DB}"
EndProject
Project("{9A19103F-16F7-4668-BE54-9A1E7A4F7556}") = "CDMyRulesEngine", "..\..\..\..\cdePlugins\src\149 - CDMyRulesEngine\CDMyRulesEngine\CDMyRulesEngine.csproj", "{8E5239B6-0FE9-459E-B66A-B728D34CC493}"
EndProject
Project("{9A19103F-16F7-4668-BE54-9A1E7A4F7556}") = "CDMyPrometheusExporter", "..\..\..\..\cdePlugins\src\188 - PrometheusExporter\CDMyPrometheusExporter\CDMyPrometheusExporter.csproj", "{7BFB3C8E-7639-4D37-9415-094696BEA41F}"
EndProject
Project("{9A19103F-16F7-4668-BE54-9A1E7A4F7556}") = "C-DEngine", "..\..\..\..\C-DEngine\src\C-DEngine\C-DEngine.csproj", "{820982C3-F7F4-4986-AC28-2AFCF6C56842}"
EndProject
Project("{9A19103F-16F7-4668-BE54-9A1E7A4F7556}") = "CDMyNMIHtml5RT", "..\..\..\..\cdeNMI\src\HTML5\CDMyNMIHtml5RT\CDMyNMIHtml5RT.csproj", "{B61DB7BB-F72B-4DD9-B4BA-DCD9B7D75AB6}"
EndProject
Project("{D954291E-2A0B-460D-934E-DC6B0785DB48}") = "cdeNewtonsoft.JSON", "..\..\..\..\C-DEngine\src\Utilities\cdeNewtonsoft.JSON\cdeNewtonsoft.JSON.shproj", "{3EF53A99-B09D-43E3-8F75-E5600D2F47E2}"
EndProject
Project("{9A19103F-16F7-4668-BE54-9A1E7A4F7556}") = "C-DMyComputer", "..\..\..\..\cdePlugins\src\040 - C-MyComputer\C-DMyComputer (PC)\C-DMyComputer.csproj", "{3D50F214-8EAA-4004-96F0-F51C2D858B7F}"
EndProject
Project("{9A19103F-16F7-4668-BE54-9A1E7A4F7556}") = "C-DMyVThings", "..\..\..\..\cdePlugins\src\066 - C-MyVThings\C-DMyVThings\C-DMyVThings.csproj", "{367DFF6C-0468-421C-88FB-2B8A648033FD}"
EndProject
Project("{9A19103F-16F7-4668-BE54-9A1E7A4F7556}") = "C-DMyNetwork", "..\..\..\..\cdePlugins\src\093 - CDMyNetwork\C-DMyNetwork\C-DMyNetwork.csproj", "{7582B3A1-33B9-4EFE-A880-839460938CEA}"
EndProject
Project("{9A19103F-16F7-4668-BE54-9A1E7A4F7556}") = "cdeMiniNode", "..\cdeMiniNode\cdeMiniNode.csproj", "{C5BB4E61-7C27-48C2-9665-2648876F5B57}"
EndProject
Project("{9A19103F-16F7-4668-BE54-9A1E7A4F7556}") = "CDMyLogger", "..\..\..\..\cdePlugins\src\178 - External Logger\CDMyLogger\CDMyLogger.csproj", "{AC5B50A9-ADEB-460B-9D1F-B4923BFB3F15}"
EndProject
Project("{9A19103F-16F7-4668-BE54-9A1E7A4F7556}") = "CDMyAASX", "..\..\..\..\cdePlugins\src\309 - Industrie 4.0 AASX\CDMyAASX\CDMyAASX.csproj", "{D11FE0CA-EB6F-45F0-9C4B-82F1AD16A869}"
EndProject
Project("{FAE04EC0-301F-11D3-BF4B-00C04F79EFBC}") = "CDMyMQTT", "..\..\..\..\..\Coulson\309 - CDMyMQTT\CDMyMQTT\CDMyMQTT.csproj", "{1B48F818-A5EF-485F-B8D4-4D91CED94464}"
EndProject
Global
	GlobalSection(SharedMSBuildProjectFiles) = preSolution
		..\..\..\..\C-DEngine\src\Utilities\cdeNewtonsoft.JSON\cdeNewtonsoft.JSON.projitems*{3ef53a99-b09d-43e3-8f75-e5600d2f47e2}*SharedItemsImports = 13
		..\..\..\..\C-DEngine\src\Utilities\cdeNewtonsoft.JSON\cdeNewtonsoft.JSON.projitems*{820982c3-f7f4-4986-ac28-2afcf6c56842}*SharedItemsImports = 5
	EndGlobalSection
	GlobalSection(SolutionConfigurationPlatforms) = preSolution
		Debug|Any CPU = Debug|Any CPU
		Release|Any CPU = Release|Any CPU
	EndGlobalSection
	GlobalSection(ProjectConfigurationPlatforms) = postSolution
		{7B13069E-C0C7-4EA2-BA9B-388922C3AD3A}.Debug|Any CPU.ActiveCfg = Debug|Any CPU
		{7B13069E-C0C7-4EA2-BA9B-388922C3AD3A}.Debug|Any CPU.Build.0 = Debug|Any CPU
		{7B13069E-C0C7-4EA2-BA9B-388922C3AD3A}.Release|Any CPU.ActiveCfg = Release|Any CPU
		{7B13069E-C0C7-4EA2-BA9B-388922C3AD3A}.Release|Any CPU.Build.0 = Release|Any CPU
		{1F1AC764-E2FA-43A1-AEAD-C455B2C532DB}.Debug|Any CPU.ActiveCfg = Debug|Any CPU
		{1F1AC764-E2FA-43A1-AEAD-C455B2C532DB}.Debug|Any CPU.Build.0 = Debug|Any CPU
		{1F1AC764-E2FA-43A1-AEAD-C455B2C532DB}.Release|Any CPU.ActiveCfg = Release|Any CPU
		{1F1AC764-E2FA-43A1-AEAD-C455B2C532DB}.Release|Any CPU.Build.0 = Release|Any CPU
		{8E5239B6-0FE9-459E-B66A-B728D34CC493}.Debug|Any CPU.ActiveCfg = Debug|Any CPU
		{8E5239B6-0FE9-459E-B66A-B728D34CC493}.Debug|Any CPU.Build.0 = Debug|Any CPU
		{8E5239B6-0FE9-459E-B66A-B728D34CC493}.Release|Any CPU.ActiveCfg = Release|Any CPU
		{8E5239B6-0FE9-459E-B66A-B728D34CC493}.Release|Any CPU.Build.0 = Release|Any CPU
		{7BFB3C8E-7639-4D37-9415-094696BEA41F}.Debug|Any CPU.ActiveCfg = Debug|Any CPU
		{7BFB3C8E-7639-4D37-9415-094696BEA41F}.Debug|Any CPU.Build.0 = Debug|Any CPU
		{7BFB3C8E-7639-4D37-9415-094696BEA41F}.Release|Any CPU.ActiveCfg = Release|Any CPU
		{7BFB3C8E-7639-4D37-9415-094696BEA41F}.Release|Any CPU.Build.0 = Release|Any CPU
		{820982C3-F7F4-4986-AC28-2AFCF6C56842}.Debug|Any CPU.ActiveCfg = Debug|Any CPU
		{820982C3-F7F4-4986-AC28-2AFCF6C56842}.Debug|Any CPU.Build.0 = Debug|Any CPU
		{820982C3-F7F4-4986-AC28-2AFCF6C56842}.Release|Any CPU.ActiveCfg = Release|Any CPU
		{820982C3-F7F4-4986-AC28-2AFCF6C56842}.Release|Any CPU.Build.0 = Release|Any CPU
		{B61DB7BB-F72B-4DD9-B4BA-DCD9B7D75AB6}.Debug|Any CPU.ActiveCfg = Debug|Any CPU
		{B61DB7BB-F72B-4DD9-B4BA-DCD9B7D75AB6}.Debug|Any CPU.Build.0 = Debug|Any CPU
		{B61DB7BB-F72B-4DD9-B4BA-DCD9B7D75AB6}.Release|Any CPU.ActiveCfg = Release|Any CPU
		{B61DB7BB-F72B-4DD9-B4BA-DCD9B7D75AB6}.Release|Any CPU.Build.0 = Release|Any CPU
		{3D50F214-8EAA-4004-96F0-F51C2D858B7F}.Debug|Any CPU.ActiveCfg = Debug|Any CPU
		{3D50F214-8EAA-4004-96F0-F51C2D858B7F}.Debug|Any CPU.Build.0 = Debug|Any CPU
		{3D50F214-8EAA-4004-96F0-F51C2D858B7F}.Release|Any CPU.ActiveCfg = Release|Any CPU
		{3D50F214-8EAA-4004-96F0-F51C2D858B7F}.Release|Any CPU.Build.0 = Release|Any CPU
		{367DFF6C-0468-421C-88FB-2B8A648033FD}.Debug|Any CPU.ActiveCfg = Debug|Any CPU
		{367DFF6C-0468-421C-88FB-2B8A648033FD}.Debug|Any CPU.Build.0 = Debug|Any CPU
		{367DFF6C-0468-421C-88FB-2B8A648033FD}.Release|Any CPU.ActiveCfg = Release|Any CPU
		{367DFF6C-0468-421C-88FB-2B8A648033FD}.Release|Any CPU.Build.0 = Release|Any CPU
		{7582B3A1-33B9-4EFE-A880-839460938CEA}.Debug|Any CPU.ActiveCfg = Debug|Any CPU
		{7582B3A1-33B9-4EFE-A880-839460938CEA}.Debug|Any CPU.Build.0 = Debug|Any CPU
		{7582B3A1-33B9-4EFE-A880-839460938CEA}.Release|Any CPU.ActiveCfg = Release|Any CPU
		{7582B3A1-33B9-4EFE-A880-839460938CEA}.Release|Any CPU.Build.0 = Release|Any CPU
		{C5BB4E61-7C27-48C2-9665-2648876F5B57}.Debug|Any CPU.ActiveCfg = Debug|Any CPU
		{C5BB4E61-7C27-48C2-9665-2648876F5B57}.Debug|Any CPU.Build.0 = Debug|Any CPU
		{C5BB4E61-7C27-48C2-9665-2648876F5B57}.Release|Any CPU.ActiveCfg = Release|Any CPU
		{C5BB4E61-7C27-48C2-9665-2648876F5B57}.Release|Any CPU.Build.0 = Release|Any CPU
		{AC5B50A9-ADEB-460B-9D1F-B4923BFB3F15}.Debug|Any CPU.ActiveCfg = Debug|Any CPU
		{AC5B50A9-ADEB-460B-9D1F-B4923BFB3F15}.Debug|Any CPU.Build.0 = Debug|Any CPU
		{AC5B50A9-ADEB-460B-9D1F-B4923BFB3F15}.Release|Any CPU.ActiveCfg = Release|Any CPU
		{AC5B50A9-ADEB-460B-9D1F-B4923BFB3F15}.Release|Any CPU.Build.0 = Release|Any CPU
		{D11FE0CA-EB6F-45F0-9C4B-82F1AD16A869}.Debug|Any CPU.ActiveCfg = Debug|Any CPU
		{D11FE0CA-EB6F-45F0-9C4B-82F1AD16A869}.Debug|Any CPU.Build.0 = Debug|Any CPU
		{D11FE0CA-EB6F-45F0-9C4B-82F1AD16A869}.Release|Any CPU.ActiveCfg = Release|Any CPU
		{D11FE0CA-EB6F-45F0-9C4B-82F1AD16A869}.Release|Any CPU.Build.0 = Release|Any CPU
		{1B48F818-A5EF-485F-B8D4-4D91CED94464}.Debug|Any CPU.ActiveCfg = Debug|Any CPU
		{1B48F818-A5EF-485F-B8D4-4D91CED94464}.Debug|Any CPU.Build.0 = Debug|Any CPU
		{1B48F818-A5EF-485F-B8D4-4D91CED94464}.Release|Any CPU.ActiveCfg = Release|Any CPU
		{1B48F818-A5EF-485F-B8D4-4D91CED94464}.Release|Any CPU.Build.0 = Release|Any CPU
	EndGlobalSection
	GlobalSection(SolutionProperties) = preSolution
		HideSolutionNode = FALSE
	EndGlobalSection
	GlobalSection(ExtensibilityGlobals) = postSolution
		SolutionGuid = {11342AB4-AF07-4C81-B4FC-751F0E7BFABE}
	EndGlobalSection
EndGlobal
